
Microsoft Visual Studio Solution File, Format Version 11.00
# Visual Studio 2010
Project("{FAE04EC0-301F-11D3-BF4B-00C04F79EFBC}") = "UnityEditor.UI", "UnityEditor.UI.csproj", "{2b46596d-dbbe-41a8-baaf-29ad33182462}"
EndProject
Project("{FAE04EC0-301F-11D3-BF4B-00C04F79EFBC}") = "UnityEngine.UI", "UnityEngine.UI.csproj", "{436ed415-a64d-30ca-a181-a543597ddc11}"
EndProject
Project("{FAE04EC0-301F-11D3-BF4B-00C04F79EFBC}") = "Assembly-CSharp", "Assembly-CSharp.csproj", "{92a25a0b-9670-450f-ce0e-6fd54739ac77}"
EndProject
Project("{FAE04EC0-301F-11D3-BF4B-00C04F79EFBC}") = "UnityEngine.UI.Tests", "UnityEngine.UI.Tests.csproj", "{2b41b174-16c1-dbe3-0de4-9fe66dc4f4ed}"
EndProject
Project("{FAE04EC0-301F-11D3-BF4B-00C04F79EFBC}") = "UnityEditor.UI.EditorTests", "UnityEditor.UI.EditorTests.csproj", "{dddcb030-77b1-35ea-6fb4-01f916339461}"
EndProject
Global
	GlobalSection(SolutionConfigurationPlatforms) = preSolution
		Debug|Any CPU = Debug|Any CPU
	EndGlobalSection
	GlobalSection(ProjectConfigurationPlatforms) = postSolution
		{2b46596d-dbbe-41a8-baaf-29ad33182462}.Debug|Any CPU.ActiveCfg = Debug|Any CPU
		{2b46596d-dbbe-41a8-baaf-29ad33182462}.Debug|Any CPU.Build.0 = Debug|Any CPU
		{436ed415-a64d-30ca-a181-a543597ddc11}.Debug|Any CPU.ActiveCfg = Debug|Any CPU
		{436ed415-a64d-30ca-a181-a543597ddc11}.Debug|Any CPU.Build.0 = Debug|Any CPU
		{92a25a0b-9670-450f-ce0e-6fd54739ac77}.Debug|Any CPU.ActiveCfg = Debug|Any CPU
		{92a25a0b-9670-450f-ce0e-6fd54739ac77}.Debug|Any CPU.Build.0 = Debug|Any CPU
		{2b41b174-16c1-dbe3-0de4-9fe66dc4f4ed}.Debug|Any CPU.ActiveCfg = Debug|Any CPU
		{2b41b174-16c1-dbe3-0de4-9fe66dc4f4ed}.Debug|Any CPU.Build.0 = Debug|Any CPU
		{dddcb030-77b1-35ea-6fb4-01f916339461}.Debug|Any CPU.ActiveCfg = Debug|Any CPU
		{dddcb030-77b1-35ea-6fb4-01f916339461}.Debug|Any CPU.Build.0 = Debug|Any CPU
	EndGlobalSection
	GlobalSection(SolutionProperties) = preSolution
		HideSolutionNode = FALSE
	EndGlobalSection
EndGlobal
